dependencies:
- name: nodejs
  repository: oci://hmctsprod.azurecr.io/helm
  version: 3.2.1
- name: idam-pr
  repository: oci://hmctsprod.azurecr.io/helm
  version: 2.3.1
- name: cmc-claim-store
  repository: oci://hmctsprod.azurecr.io/helm
  version: 4.1.61
- name: ccd
  repository: oci://hmctsprod.azurecr.io/helm
  version: 9.2.3
- name: xui-webapp
  repository: oci://hmctsprod.azurecr.io/helm
  version: 1.0.45
digest: sha256:eb2a6da2f65e03e7943e9773cd25c8640f940cff028603999cf2011672db4c4c
generated: "2026-08-10T09:43:29.034452035Z"
