dependencies:
- name: nodejs
  repository: oci://hmctspublic.azurecr.io/helm
  version: 3.2.0
- name: idam-pr
  repository: https://hmctspublic.azurecr.io/helm/v1/repo/
  version: 2.3.0
- name: cmc-claim-store
  repository: https://hmctspublic.azurecr.io/helm/v1/repo/
  version: 4.1.56
- name: ccd
  repository: https://hmctspublic.azurecr.io/helm/v1/repo/
  version: 8.0.29
- name: xui-webapp
  repository: https://hmctspublic.azurecr.io/helm/v1/repo/
  version: 1.0.18
digest: sha256:1cf4a40970ad3e4bc86aeea598713c63816a782eed15a26351c2d791b5c480dc
generated: "2026-04-20T19:58:31.067300447Z"
